
Microsoft Visual Studio Solution File, Format Version 11.00
# Visual Studio 2010
Project("{FAE04EC0-301F-11D3-BF4B-00C04F79EFBC}") = "Practices.Mvvm", "Practices.Mvvm\Practices.Mvvm.csproj", "{FC8B35E9-D917-4189-879C-478EC8178BBE}"
EndProject
Project("{FAE04EC0-301F-11D3-BF4B-00C04F79EFBC}") = "Practices.Mvvm.Services", "Practices.Mvvm.Services\Practices.Mvvm.Services.csproj", "{673F284A-CD8F-4D54-A97D-C6A12EE613EA}"
EndProject
Project("{FAE04EC0-301F-11D3-BF4B-00C04F79EFBC}") = "Practices.Test.RhinoMocks", "Practices.Test.RhinoMocks\Practices.Test.RhinoMocks.csproj", "{10CF4EA8-A053-4B9B-AFD7-120C7283E977}"
EndProject
Global
	GlobalSection(SolutionConfigurationPlatforms) = preSolution
		Debug|Any CPU = Debug|Any CPU
		Release|Any CPU = Release|Any CPU
	EndGlobalSection
	GlobalSection(ProjectConfigurationPlatforms) = postSolution
		{FC8B35E9-D917-4189-879C-478EC8178BBE}.Debug|Any CPU.ActiveCfg = Debug|Any CPU
		{FC8B35E9-D917-4189-879C-478EC8178BBE}.Debug|Any CPU.Build.0 = Debug|Any CPU
		{FC8B35E9-D917-4189-879C-478EC8178BBE}.Release|Any CPU.ActiveCfg = Release|Any CPU
		{FC8B35E9-D917-4189-879C-478EC8178BBE}.Release|Any CPU.Build.0 = Release|Any CPU
		{673F284A-CD8F-4D54-A97D-C6A12EE613EA}.Debug|Any CPU.ActiveCfg = Debug|Any CPU
		{673F284A-CD8F-4D54-A97D-C6A12EE613EA}.Debug|Any CPU.Build.0 = Debug|Any CPU
		{673F284A-CD8F-4D54-A97D-C6A12EE613EA}.Release|Any CPU.ActiveCfg = Release|Any CPU
		{673F284A-CD8F-4D54-A97D-C6A12EE613EA}.Release|Any CPU.Build.0 = Release|Any CPU
		{10CF4EA8-A053-4B9B-AFD7-120C7283E977}.Debug|Any CPU.ActiveCfg = Debug|Any CPU
		{10CF4EA8-A053-4B9B-AFD7-120C7283E977}.Debug|Any CPU.Build.0 = Debug|Any CPU
		{10CF4EA8-A053-4B9B-AFD7-120C7283E977}.Release|Any CPU.ActiveCfg = Release|Any CPU
		{10CF4EA8-A053-4B9B-AFD7-120C7283E977}.Release|Any CPU.Build.0 = Release|Any CPU
	EndGlobalSection
	GlobalSection(SolutionProperties) = preSolution
		HideSolutionNode = FALSE
	EndGlobalSection
EndGlobal
